
Microsoft Visual Studio Solution File, Format Version 12.00
# Visual Studio Version 16
VisualStudioVersion = 16.0.31005.135
MinimumVisualStudioVersion = 10.0.40219.1
Project("{FAE04EC0-301F-11D3-BF4B-00C04F79EFBC}") = "InterviewPrepReview", "InterviewPrepReview\InterviewPrepReview.csproj", "{A8E957DD-D83A-46AF-9DE6-FACBC127CA8A}"
EndProject
Global
	GlobalSection(SolutionConfigurationPlatforms) = preSolution
		Debug|Any CPU = Debug|Any CPU
		Release|Any CPU = Release|Any CPU
	EndGlobalSection
	GlobalSection(ProjectConfigurationPlatforms) = postSolution
		{A8E957DD-D83A-46AF-9DE6-FACBC127CA8A}.Debug|Any CPU.ActiveCfg = Debug|Any CPU
		{A8E957DD-D83A-46AF-9DE6-FACBC127CA8A}.Debug|Any CPU.Build.0 = Debug|Any CPU
		{A8E957DD-D83A-46AF-9DE6-FACBC127CA8A}.Release|Any CPU.ActiveCfg = Release|Any CPU
		{A8E957DD-D83A-46AF-9DE6-FACBC127CA8A}.Release|Any CPU.Build.0 = Release|Any CPU
	EndGlobalSection
	GlobalSection(SolutionProperties) = preSolution
		HideSolutionNode = FALSE
	EndGlobalSection
	GlobalSection(ExtensibilityGlobals) = postSolution
		SolutionGuid = {B1268F3F-FF8F-456C-A884-151795636CE0}
	EndGlobalSection
EndGlobal
